// !$*UTF8*$!
{
	archiveVersion = 1;
	classes = {
	};
	objectVersion = 77;
	objects = {

/* Begin PBXBuildFile section */
		B8105F9A2DC5A6DF007956E8 /* SwiftUIX in Frameworks */ = {isa = PBXBuildFile; productRef = B8105F992DC5A6DF007956E8 /* SwiftUIX */; };
		B85E18512DABA90900EEBFC0 /* BetterSafariView in Frameworks */ = {isa = PBXBuildFile; productRef = B85E18502DABA90900EEBFC0 /* BetterSafariView */; };
		B8E928A82D72EAC400043BF3 /* ViewInspector in Frameworks */ = {isa = PBXBuildFile; productRef = B8E928A72D72EAC400043BF3 /* ViewInspector */; };
/* End PBXBuildFile section */

/* Begin PBXContainerItemProxy section */
		B854B7052D4E0659006E0CC3 /* PBXContainerItemProxy */ = {
			isa = PBXContainerItemProxy;
			containerPortal = B854B6E82D4E0658006E0CC3 /* Project object */;
			proxyType = 1;
			remoteGlobalIDString = B854B6EF2D4E0658006E0CC3;
			remoteInfo = Bookmarks;
		};
		B854B70F2D4E0659006E0CC3 /* PBXContainerItemProxy */ = {
			isa = PBXContainerItemProxy;
			containerPortal = B854B6E82D4E0658006E0CC3 /* Project object */;
			proxyType = 1;
			remoteGlobalIDString = B854B6EF2D4E0658006E0CC3;
			remoteInfo = Bookmarks;
		};
/* End PBXContainerItemProxy section */

/* Begin PBXFileReference section */
		B854B6F02D4E0658006E0CC3 /* Bookmarks.app */ = {isa = PBXFileReference; explicitFileType = wrapper.application; includeInIndex = 0; path = Bookmarks.app; sourceTree = BUILT_PRODUCTS_DIR; };
		B854B7042D4E0659006E0CC3 /* BookmarksTests.xctest */ = {isa = PBXFileReference; explicitFileType = wrapper.cfbundle; includeInIndex = 0; path = BookmarksTests.xctest; sourceTree = BUILT_PRODUCTS_DIR; };
		B854B70E2D4E0659006E0CC3 /* BookmarksUITests.xctest */ = {isa = PBXFileReference; explicitFileType = wrapper.cfbundle; includeInIndex = 0; path = BookmarksUITests.xctest; sourceTree = BUILT_PRODUCTS_DIR; };
/* End PBXFileReference section */

/* Begin PBXFileSystemSynchronizedBuildFileExceptionSet section */
		B854B7162D4E0659006E0CC3 /* Exceptions for "Bookmarks" folder in "Bookmarks" target */ = {
			isa = PBXFileSystemSynchronizedBuildFileExceptionSet;
			membershipExceptions = (
				Info.plist,
			);
			target = B854B6EF2D4E0658006E0CC3 /* Bookmarks */;
		};
/* End PBXFileSystemSynchronizedBuildFileExceptionSet section */

/* Begin PBXFileSystemSynchronizedRootGroup section */
		B854B6F22D4E0658006E0CC3 /* Bookmarks */ = {
			isa = PBXFileSystemSynchronizedRootGroup;
			exceptions = (
				B854B7162D4E0659006E0CC3 /* Exceptions for "Bookmarks" folder in "Bookmarks" target */,
			);
			path = Bookmarks;
			sourceTree = "<group>";
		};
		B854B7072D4E0659006E0CC3 /* BookmarksTests */ = {
			isa = PBXFileSystemSynchronizedRootGroup;
			path = BookmarksTests;
			sourceTree = "<group>";
		};
		B854B7112D4E0659006E0CC3 /* BookmarksUITests */ = {
			isa = PBXFileSystemSynchronizedRootGroup;
			path = BookmarksUITests;
			sourceTree = "<group>";
		};
/* End PBXFileSystemSynchronizedRootGroup section */

/* Begin PBXFrameworksBuildPhase section */
		B854B6ED2D4E0658006E0CC3 /* Frameworks */ = {
			isa = PBXFrameworksBuildPhase;
			buildActionMask = 2147483647;
			files = (
				B85E18512DABA90900EEBFC0 /* BetterSafariView in Frameworks */,
				B8105F9A2DC5A6DF007956E8 /* SwiftUIX in Frameworks */,
			);
			runOnlyForDeploymentPostprocessing = 0;
		};
		B854B7012D4E0659006E0CC3 /* Frameworks */ = {
			isa = PBXFrameworksBuildPhase;
			buildActionMask = 2147483647;
			files = (
				B8E928A82D72EAC400043BF3 /* ViewInspector in Frameworks */,
			);
			runOnlyForDeploymentPostprocessing = 0;
		};
		B854B70B2D4E0659006E0CC3 /* Frameworks */ = {
			isa = PBXFrameworksBuildPhase;
			buildActionMask = 2147483647;
			files = (
			);
			runOnlyForDeploymentPostprocessing = 0;
		};
/* End PBXFrameworksBuildPhase section */

/* Begin PBXGroup section */
		B854B6E72D4E0658006E0CC3 = {
			isa = PBXGroup;
			children = (
				B854B6F22D4E0658006E0CC3 /* Bookmarks */,
				B854B7072D4E0659006E0CC3 /* BookmarksTests */,
				B854B7112D4E0659006E0CC3 /* BookmarksUITests */,
				B854B6F12D4E0658006E0CC3 /* Products */,
			);
			sourceTree = "<group>";
		};
		B854B6F12D4E0658006E0CC3 /* Products */ = {
			isa = PBXGroup;
			children = (
				B854B6F02D4E0658006E0CC3 /* Bookmarks.app */,
				B854B7042D4E0659006E0CC3 /* BookmarksTests.xctest */,
				B854B70E2D4E0659006E0CC3 /* BookmarksUITests.xctest */,
			);
			name = Products;
			sourceTree = "<group>";
		};
/* End PBXGroup section */

/* Begin PBXNativeTarget section */
		B854B6EF2D4E0658006E0CC3 /* Bookmarks */ = {
			isa = PBXNativeTarget;
			buildConfigurationList = B854B7172D4E0659006E0CC3 /* Build configuration list for PBXNativeTarget "Bookmarks" */;
			buildPhases = (
				B854B6EC2D4E0658006E0CC3 /* Sources */,
				B854B6ED2D4E0658006E0CC3 /* Frameworks */,
				B854B6EE2D4E0658006E0CC3 /* Resources */,
			);
			buildRules = (
			);
			dependencies = (
			);
			fileSystemSynchronizedGroups = (
				B854B6F22D4E0658006E0CC3 /* Bookmarks */,
			);
			name = Bookmarks;
			packageProductDependencies = (
				B85E18502DABA90900EEBFC0 /* BetterSafariView */,
				B8105F992DC5A6DF007956E8 /* SwiftUIX */,
			);
			productName = Bookmarks;
			productReference = B854B6F02D4E0658006E0CC3 /* Bookmarks.app */;
			productType = "com.apple.product-type.application";
		};
		B854B7032D4E0659006E0CC3 /* BookmarksTests */ = {
			isa = PBXNativeTarget;
			buildConfigurationList = B854B71C2D4E0659006E0CC3 /* Build configuration list for PBXNativeTarget "BookmarksTests" */;
			buildPhases = (
				B854B7002D4E0659006E0CC3 /* Sources */,
				B854B7012D4E0659006E0CC3 /* Frameworks */,
				B854B7022D4E0659006E0CC3 /* Resources */,
			);
			buildRules = (
			);
			dependencies = (
				B854B7062D4E0659006E0CC3 /* PBXTargetDependency */,
			);
			fileSystemSynchronizedGroups = (
				B854B7072D4E0659006E0CC3 /* BookmarksTests */,
			);
			name = BookmarksTests;
			packageProductDependencies = (
				B8E928A72D72EAC400043BF3 /* ViewInspector */,
			);
			productName = BookmarksTests;
			productReference = B854B7042D4E0659006E0CC3 /* BookmarksTests.xctest */;
			productType = "com.apple.product-type.bundle.unit-test";
		};
		B854B70D2D4E0659006E0CC3 /* BookmarksUITests */ = {
			isa = PBXNativeTarget;
			buildConfigurationList = B854B71F2D4E0659006E0CC3 /* Build configuration list for PBXNativeTarget "BookmarksUITests" */;
			buildPhases = (
				B854B70A2D4E0659006E0CC3 /* Sources */,
				B854B70B2D4E0659006E0CC3 /* Frameworks */,
				B854B70C2D4E0659006E0CC3 /* Resources */,
			);
			buildRules = (
			);
			dependencies = (
				B854B7102D4E0659006E0CC3 /* PBXTargetDependency */,
			);
			fileSystemSynchronizedGroups = (
				B854B7112D4E0659006E0CC3 /* BookmarksUITests */,
			);
			name = BookmarksUITests;
			packageProductDependencies = (
			);
			productName = BookmarksUITests;
			productReference = B854B70E2D4E0659006E0CC3 /* BookmarksUITests.xctest */;
			productType = "com.apple.product-type.bundle.ui-testing";
		};
/* End PBXNativeTarget section */

/* Begin PBXProject section */
		B854B6E82D4E0658006E0CC3 /* Project object */ = {
			isa = PBXProject;
			attributes = {
				BuildIndependentTargetsInParallel = 1;
				LastSwiftUpdateCheck = 1620;
				LastUpgradeCheck = 1620;
				TargetAttributes = {
					B854B6EF2D4E0658006E0CC3 = {
						CreatedOnToolsVersion = 16.2;
					};
					B854B7032D4E0659006E0CC3 = {
						CreatedOnToolsVersion = 16.2;
						TestTargetID = B854B6EF2D4E0658006E0CC3;
					};
					B854B70D2D4E0659006E0CC3 = {
						CreatedOnToolsVersion = 16.2;
						TestTargetID = B854B6EF2D4E0658006E0CC3;
					};
				};
			};
			buildConfigurationList = B854B6EB2D4E0658006E0CC3 /* Build configuration list for PBXProject "Bookmarks" */;
			developmentRegion = en;
			hasScannedForEncodings = 0;
			knownRegions = (
				en,
				Base,
			);
			mainGroup = B854B6E72D4E0658006E0CC3;
			minimizedProjectReferenceProxies = 1;
			packageReferences = (
				B8E928A62D72EAC400043BF3 /* XCRemoteSwiftPackageReference "ViewInspector" */,
				B85E184F2DABA90900EEBFC0 /* XCRemoteSwiftPackageReference "BetterSafariView" */,
				B8105F982DC5A6DF007956E8 /* XCRemoteSwiftPackageReference "SwiftUIX" */,
			);
			preferredProjectObjectVersion = 77;
			productRefGroup = B854B6F12D4E0658006E0CC3 /* Products */;
			projectDirPath = "";
			projectRoot = "";
			targets = (
				B854B6EF2D4E0658006E0CC3 /* Bookmarks */,
				B854B7032D4E0659006E0CC3 /* BookmarksTests */,
				B854B70D2D4E0659006E0CC3 /* BookmarksUITests */,
			);
		};
/* End PBXProject section */

/* Begin PBXResourcesBuildPhase section */
		B854B6EE2D4E0658006E0CC3 /* Resources */ = {
			isa = PBXResourcesBuildPhase;
			buildActionMask = 2147483647;
			files = (
			);
			runOnlyForDeploymentPostprocessing = 0;
		};
		B854B7022D4E0659006E0CC3 /* Resources */ = {
			isa = PBXResourcesBuildPhase;
			buildActionMask = 2147483647;
			files = (
			);
			runOnlyForDeploymentPostprocessing = 0;
		};
		B854B70C2D4E0659006E0CC3 /* Resources */ = {
			isa = PBXResourcesBuildPhase;
			buildActionMask = 2147483647;
			files = (
			);
			runOnlyForDeploymentPostprocessing = 0;
		};
/* End PBXResourcesBuildPhase section */

/* Begin PBXSourcesBuildPhase section */
		B854B6EC2D4E0658006E0CC3 /* Sources */ = {
			isa = PBXSourcesBuildPhase;
			buildActionMask = 2147483647;
			files = (
			);
			runOnlyForDeploymentPostprocessing = 0;
		};
		B854B7002D4E0659006E0CC3 /* Sources */ = {
			isa = PBXSourcesBuildPhase;
			buildActionMask = 2147483647;
			files = (
			);
			runOnlyForDeploymentPostprocessing = 0;
		};
		B854B70A2D4E0659006E0CC3 /* Sources */ = {
			isa = PBXSourcesBuildPhase;
			buildActionMask = 2147483647;
			files = (
			);
			runOnlyForDeploymentPostprocessing = 0;
		};
/* End PBXSourcesBuildPhase section */

/* Begin PBXTargetDependency section */
		B854B7062D4E0659006E0CC3 /* PBXTargetDependency */ = {
			isa = PBXTargetDependency;
			target = B854B6EF2D4E0658006E0CC3 /* Bookmarks */;
			targetProxy = B854B7052D4E0659006E0CC3 /* PBXContainerItemProxy */;
		};
		B854B7102D4E0659006E0CC3 /* PBXTargetDependency */ = {
			isa = PBXTargetDependency;
			target = B854B6EF2D4E0658006E0CC3 /* Bookmarks */;
			targetProxy = B854B70F2D4E0659006E0CC3 /* PBXContainerItemProxy */;
		};
/* End PBXTargetDependency section */

/* Begin XCBuildConfiguration section */
		B854B7182D4E0659006E0CC3 /* Debug */ = {
			isa = XCBuildConfiguration;
			buildSettings = {
				ASSETCATALOG_COMPILER_APPICON_NAME = AppIcon;
				ASSETCATALOG_COMPILER_GLOBAL_ACCENT_COLOR_NAME = AccentColor;
				CODE_SIGN_ENTITLEMENTS = Bookmarks/Bookmarks.entitlements;
				CODE_SIGN_STYLE = Automatic;
				CURRENT_PROJECT_VERSION = 1;
				DEVELOPMENT_ASSET_PATHS = "\"Bookmarks/Preview Content\"";
				DEVELOPMENT_TEAM = 87TZUGTM2U;
				ENABLE_PREVIEWS = YES;
				GENERATE_INFOPLIST_FILE = YES;
				INFOPLIST_FILE = Bookmarks/Info.plist;
				INFOPLIST_KEY_UIApplicationSceneManifest_Generation = YES;
				INFOPLIST_KEY_UIApplicationSupportsIndirectInputEvents = YES;
				INFOPLIST_KEY_UILaunchScreen_Generation = YES;
				INFOPLIST_KEY_UISupportedInterfaceOrientations_iPad = "UIInterfaceOrientationPortrait UIInterfaceOrientationPortraitUpsideDown UIInterfaceOrientationLandscapeLeft UIInterfaceOrientationLandscapeRight";
				INFOPLIST_KEY_UISupportedInterfaceOrientations_iPhone = "UIInterfaceOrientationPortrait UIInterfaceOrientationLandscapeLeft UIInterfaceOrientationLandscapeRight";
				LD_RUNPATH_SEARCH_PATHS = (
					"$(inherited)",
					"@executable_path/Frameworks",
				);
				MARKETING_VERSION = 1.0.0;
				PRODUCT_BUNDLE_IDENTIFIER = io.github.kiyohitonara.Bookmarks;
				PRODUCT_NAME = "$(TARGET_NAME)";
				SWIFT_EMIT_LOC_STRINGS = YES;
				SWIFT_VERSION = 5.0;
				TARGETED_DEVICE_FAMILY = "1,2";
			};
			name = Debug;
		};
		B854B7192D4E0659006E0CC3 /* Release */ = {
			isa = XCBuildConfiguration;
			buildSettings = {
				ASSETCATALOG_COMPILER_APPICON_NAME = AppIcon;
				ASSETCATALOG_COMPILER_GLOBAL_ACCENT_COLOR_NAME = AccentColor;
				CODE_SIGN_ENTITLEMENTS = Bookmarks/Bookmarks.entitlements;
				CODE_SIGN_STYLE = Automatic;
				CURRENT_PROJECT_VERSION = 1;
				DEVELOPMENT_ASSET_PATHS = "\"Bookmarks/Preview Content\"";
				DEVELOPMENT_TEAM = 87TZUGTM2U;
				ENABLE_PREVIEWS = YES;
				GENERATE_INFOPLIST_FILE = YES;
				INFOPLIST_FILE = Bookmarks/Info.plist;
				INFOPLIST_KEY_UIApplicationSceneManifest_Generation = YES;
				INFOPLIST_KEY_UIApplicationSupportsIndirectInputEvents = YES;
				INFOPLIST_KEY_UILaunchScreen_Generation = YES;
				INFOPLIST_KEY_UISupportedInterfaceOrientations_iPad = "UIInterfaceOrientationPortrait UIInterfaceOrientationPortraitUpsideDown UIInterfaceOrientationLandscapeLeft UIInterfaceOrientationLandscapeRight";
				INFOPLIST_KEY_UISupportedInterfaceOrientations_iPhone = "UIInterfaceOrientationPortrait UIInterfaceOrientationLandscapeLeft UIInterfaceOrientationLandscapeRight";
				LD_RUNPATH_SEARCH_PATHS = (
					"$(inherited)",
					"@executable_path/Frameworks",
				);
				MARKETING_VERSION = 1.0.0;
				PRODUCT_BUNDLE_IDENTIFIER = io.github.kiyohitonara.Bookmarks;
				PRODUCT_NAME = "$(TARGET_NAME)";
				SWIFT_EMIT_LOC_STRINGS = YES;
				SWIFT_VERSION = 5.0;
				TARGETED_DEVICE_FAMILY = "1,2";
			};
			name = Release;
		};
		B854B71A2D4E0659006E0CC3 /* Debug */ = {
			isa = XCBuildConfiguration;
			buildSettings = {
				ALWAYS_SEARCH_USER_PATHS = NO;
				ASSETCATALOG_COMPILER_GENERATE_SWIFT_ASSET_SYMBOL_EXTENSIONS = YES;
				CLANG_ANALYZER_NONNULL = YES;
				CLANG_ANALYZER_NUMBER_OBJECT_CONVERSION = YES_AGGRESSIVE;
				CLANG_CXX_LANGUAGE_STANDARD = "gnu++20";
				CLANG_ENABLE_MODULES = YES;
				CLANG_ENABLE_OBJC_ARC = YES;
				CLANG_ENABLE_OBJC_WEAK = YES;
				CLANG_WARN_BLOCK_CAPTURE_AUTORELEASING = YES;
				CLANG_WARN_BOOL_CONVERSION = YES;
				CLANG_WARN_COMMA = YES;
				CLANG_WARN_CONSTANT_CONVERSION = YES;
				CLANG_WARN_DEPRECATED_OBJC_IMPLEMENTATIONS = YES;
				CLANG_WARN_DIRECT_OBJC_ISA_USAGE = YES_ERROR;
				CLANG_WARN_DOCUMENTATION_COMMENTS = YES;
				CLANG_WARN_EMPTY_BODY = YES;
				CLANG_WARN_ENUM_CONVERSION = YES;
				CLANG_WARN_INFINITE_RECURSION = YES;
				CLANG_WARN_INT_CONVERSION = YES;
				CLANG_WARN_NON_LITERAL_NULL_CONVERSION = YES;
				CLANG_WARN_OBJC_IMPLICIT_RETAIN_SELF = YES;
				CLANG_WARN_OBJC_LITERAL_CONVERSION = YES;
				CLANG_WARN_OBJC_ROOT_CLASS = YES_ERROR;
				CLANG_WARN_QUOTED_INCLUDE_IN_FRAMEWORK_HEADER = YES;
				CLANG_WARN_RANGE_LOOP_ANALYSIS = YES;
				CLANG_WARN_STRICT_PROTOTYPES = YES;
				CLANG_WARN_SUSPICIOUS_MOVE = YES;
				CLANG_WARN_UNGUARDED_AVAILABILITY = YES_AGGRESSIVE;
				CLANG_WARN_UNREACHABLE_CODE = YES;
				CLANG_WARN__DUPLICATE_METHOD_MATCH = YES;
				COPY_PHASE_STRIP = NO;
				DEBUG_INFORMATION_FORMAT = dwarf;
				ENABLE_STRICT_OBJC_MSGSEND = YES;
				ENABLE_TESTABILITY = YES;
				ENABLE_USER_SCRIPT_SANDBOXING = YES;
				GCC_C_LANGUAGE_STANDARD = gnu17;
				GCC_DYNAMIC_NO_PIC = NO;
				GCC_NO_COMMON_BLOCKS = YES;
				GCC_OPTIMIZATION_LEVEL = 0;
				GCC_PREPROCESSOR_DEFINITIONS = (
					"DEBUG=1",
					"$(inherited)",
				);
				GCC_WARN_64_TO_32_BIT_CONVERSION = YES;
				GCC_WARN_ABOUT_RETURN_TYPE = YES_ERROR;
				GCC_WARN_UNDECLARED_SELECTOR = YES;
				GCC_WARN_UNINITIALIZED_AUTOS = YES_AGGRESSIVE;
				GCC_WARN_UNUSED_FUNCTION = YES;
				GCC_WARN_UNUSED_VARIABLE = YES;
				IPHONEOS_DEPLOYMENT_TARGET = 18.2;
				LOCALIZATION_PREFERS_STRING_CATALOGS = YES;
				MTL_ENABLE_DEBUG_INFO = INCLUDE_SOURCE;
				MTL_FAST_MATH = YES;
				ONLY_ACTIVE_ARCH = YES;
				SDKROOT = iphoneos;
				SWIFT_ACTIVE_COMPILATION_CONDITIONS = "DEBUG $(inherited)";
				SWIFT_EMIT_LOC_STRINGS = YES;
				SWIFT_OPTIMIZATION_LEVEL = "-Onone";
			};
			name = Debug;
		};
		B854B71B2D4E0659006E0CC3 /* Release */ = {
			isa = XCBuildConfiguration;
			buildSettings = {
				ALWAYS_SEARCH_USER_PATHS = NO;
				ASSETCATALOG_COMPILER_GENERATE_SWIFT_ASSET_SYMBOL_EXTENSIONS = YES;
				CLANG_ANALYZER_NONNULL = YES;
				CLANG_ANALYZER_NUMBER_OBJECT_CONVERSION = YES_AGGRESSIVE;
				CLANG_CXX_LANGUAGE_STANDARD = "gnu++20";
				CLANG_ENABLE_MODULES = YES;
				CLANG_ENABLE_OBJC_ARC = YES;
				CLANG_ENABLE_OBJC_WEAK = YES;
				CLANG_WARN_BLOCK_CAPTURE_AUTORELEASING = YES;
				CLANG_WARN_BOOL_CONVERSION = YES;
				CLANG_WARN_COMMA = YES;
				CLANG_WARN_CONSTANT_CONVERSION = YES;
				CLANG_WARN_DEPRECATED_OBJC_IMPLEMENTATIONS = YES;
				CLANG_WARN_DIRECT_OBJC_ISA_USAGE = YES_ERROR;
				CLANG_WARN_DOCUMENTATION_COMMENTS = YES;
				CLANG_WARN_EMPTY_BODY = YES;
				CLANG_WARN_ENUM_CONVERSION = YES;
				CLANG_WARN_INFINITE_RECURSION = YES;
				CLANG_WARN_INT_CONVERSION = YES;
				CLANG_WARN_NON_LITERAL_NULL_CONVERSION = YES;
				CLANG_WARN_OBJC_IMPLICIT_RETAIN_SELF = YES;
				CLANG_WARN_OBJC_LITERAL_CONVERSION = YES;
				CLANG_WARN_OBJC_ROOT_CLASS = YES_ERROR;
				CLANG_WARN_QUOTED_INCLUDE_IN_FRAMEWORK_HEADER = YES;
				CLANG_WARN_RANGE_LOOP_ANALYSIS = YES;
				CLANG_WARN_STRICT_PROTOTYPES = YES;
				CLANG_WARN_SUSPICIOUS_MOVE = YES;
				CLANG_WARN_UNGUARDED_AVAILABILITY = YES_AGGRESSIVE;
				CLANG_WARN_UNREACHABLE_CODE = YES;
				CLANG_WARN__DUPLICATE_METHOD_MATCH = YES;
				COPY_PHASE_STRIP = NO;
				DEBUG_INFORMATION_FORMAT = "dwarf-with-dsym";
				ENABLE_NS_ASSERTIONS = NO;
				ENABLE_STRICT_OBJC_MSGSEND = YES;
				ENABLE_USER_SCRIPT_SANDBOXING = YES;
				GCC_C_LANGUAGE_STANDARD = gnu17;
				GCC_NO_COMMON_BLOCKS = YES;
				GCC_WARN_64_TO_32_BIT_CONVERSION = YES;
				GCC_WARN_ABOUT_RETURN_TYPE = YES_ERROR;
				GCC_WARN_UNDECLARED_SELECTOR = YES;
				GCC_WARN_UNINITIALIZED_AUTOS = YES_AGGRESSIVE;
				GCC_WARN_UNUSED_FUNCTION = YES;
				GCC_WARN_UNUSED_VARIABLE = YES;
				IPHONEOS_DEPLOYMENT_TARGET = 18.2;
				LOCALIZATION_PREFERS_STRING_CATALOGS = YES;
				MTL_ENABLE_DEBUG_INFO = NO;
				MTL_FAST_MATH = YES;
				SDKROOT = iphoneos;
				SWIFT_COMPILATION_MODE = wholemodule;
				SWIFT_EMIT_LOC_STRINGS = YES;
				VALIDATE_PRODUCT = YES;
			};
			name = Release;
		};
		B854B71D2D4E0659006E0CC3 /* Debug */ = {
			isa = XCBuildConfiguration;
			buildSettings = {
				BUNDLE_LOADER = "$(TEST_HOST)";
				CODE_SIGN_STYLE = Automatic;
				CURRENT_PROJECT_VERSION = 1;
				DEVELOPMENT_TEAM = 87TZUGTM2U;
				GENERATE_INFOPLIST_FILE = YES;
				IPHONEOS_DEPLOYMENT_TARGET = 18.2;
				MARKETING_VERSION = 1.0;
				PRODUCT_BUNDLE_IDENTIFIER = io.github.kiyohitonara.BookmarksTests;
				PRODUCT_NAME = "$(TARGET_NAME)";
				SWIFT_EMIT_LOC_STRINGS = NO;
				SWIFT_VERSION = 5.0;
				TARGETED_DEVICE_FAMILY = "1,2";
				TEST_HOST = "$(BUILT_PRODUCTS_DIR)/Bookmarks.app/$(BUNDLE_EXECUTABLE_FOLDER_PATH)/Bookmarks";
			};
			name = Debug;
		};
		B854B71E2D4E0659006E0CC3 /* Release */ = {
			isa = XCBuildConfiguration;
			buildSettings = {
				BUNDLE_LOADER = "$(TEST_HOST)";
				CODE_SIGN_STYLE = Automatic;
				CURRENT_PROJECT_VERSION = 1;
				DEVELOPMENT_TEAM = 87TZUGTM2U;
				GENERATE_INFOPLIST_FILE = YES;
				IPHONEOS_DEPLOYMENT_TARGET = 18.2;
				MARKETING_VERSION = 1.0;
				PRODUCT_BUNDLE_IDENTIFIER = io.github.kiyohitonara.BookmarksTests;
				PRODUCT_NAME = "$(TARGET_NAME)";
				SWIFT_EMIT_LOC_STRINGS = NO;
				SWIFT_VERSION = 5.0;
				TARGETED_DEVICE_FAMILY = "1,2";
				TEST_HOST = "$(BUILT_PRODUCTS_DIR)/Bookmarks.app/$(BUNDLE_EXECUTABLE_FOLDER_PATH)/Bookmarks";
			};
			name = Release;
		};
		B854B7202D4E0659006E0CC3 /* Debug */ = {
			isa = XCBuildConfiguration;
			buildSettings = {
				CODE_SIGN_STYLE = Automatic;
				CURRENT_PROJECT_VERSION = 1;
				DEVELOPMENT_TEAM = 87TZUGTM2U;
				GENERATE_INFOPLIST_FILE = YES;
				MARKETING_VERSION = 1.0;
				PRODUCT_BUNDLE_IDENTIFIER = io.github.kiyohitonara.BookmarksUITests;
				PRODUCT_NAME = "$(TARGET_NAME)";
				SWIFT_EMIT_LOC_STRINGS = NO;
				SWIFT_VERSION = 5.0;
				TARGETED_DEVICE_FAMILY = "1,2";
				TEST_TARGET_NAME = Bookmarks;
			};
			name = Debug;
		};
		B854B7212D4E0659006E0CC3 /* Release */ = {
			isa = XCBuildConfiguration;
			buildSettings = {
				CODE_SIGN_STYLE = Automatic;
				CURRENT_PROJECT_VERSION = 1;
				DEVELOPMENT_TEAM = 87TZUGTM2U;
				GENERATE_INFOPLIST_FILE = YES;
				MARKETING_VERSION = 1.0;
				PRODUCT_BUNDLE_IDENTIFIER = io.github.kiyohitonara.BookmarksUITests;
				PRODUCT_NAME = "$(TARGET_NAME)";
				SWIFT_EMIT_LOC_STRINGS = NO;
				SWIFT_VERSION = 5.0;
				TARGETED_DEVICE_FAMILY = "1,2";
				TEST_TARGET_NAME = Bookmarks;
			};
			name = Release;
		};
/* End XCBuildConfiguration section */

/* Begin XCConfigurationList section */
		B854B6EB2D4E0658006E0CC3 /* Build configuration list for PBXProject "Bookmarks" */ = {
			isa = XCConfigurationList;
			buildConfigurations = (
				B854B71A2D4E0659006E0CC3 /* Debug */,
				B854B71B2D4E0659006E0CC3 /* Release */,
			);
			defaultConfigurationIsVisible = 0;
			defaultConfigurationName = Release;
		};
		B854B7172D4E0659006E0CC3 /* Build configuration list for PBXNativeTarget "Bookmarks" */ = {
			isa = XCConfigurationList;
			buildConfigurations = (
				B854B7182D4E0659006E0CC3 /* Debug */,
				B854B7192D4E0659006E0CC3 /* Release */,
			);
			defaultConfigurationIsVisible = 0;
			defaultConfigurationName = Release;
		};
		B854B71C2D4E0659006E0CC3 /* Build configuration list for PBXNativeTarget "BookmarksTests" */ = {
			isa = XCConfigurationList;
			buildConfigurations = (
				B854B71D2D4E0659006E0CC3 /* Debug */,
				B854B71E2D4E0659006E0CC3 /* Release */,
			);
			defaultConfigurationIsVisible = 0;
			defaultConfigurationName = Release;
		};
		B854B71F2D4E0659006E0CC3 /* Build configuration list for PBXNativeTarget "BookmarksUITests" */ = {
			isa = XCConfigurationList;
			buildConfigurations = (
				B854B7202D4E0659006E0CC3 /* Debug */,
				B854B7212D4E0659006E0CC3 /* Release */,
			);
			defaultConfigurationIsVisible = 0;
			defaultConfigurationName = Release;
		};
/* End XCConfigurationList section */

/* Begin XCRemoteSwiftPackageReference section */
		B8105F982DC5A6DF007956E8 /* XCRemoteSwiftPackageReference "SwiftUIX" */ = {
			isa = XCRemoteSwiftPackageReference;
			repositoryURL = "https://github.com/SwiftUIX/SwiftUIX.git";
			requirement = {
				kind = upToNextMajorVersion;
				minimumVersion = 0.2.3;
			};
		};
		B85E184F2DABA90900EEBFC0 /* XCRemoteSwiftPackageReference "BetterSafariView" */ = {
			isa = XCRemoteSwiftPackageReference;
			repositoryURL = "https://github.com/stleamist/BetterSafariView.git";
			requirement = {
				branch = main;
				kind = branch;
			};
		};
		B8E928A62D72EAC400043BF3 /* XCRemoteSwiftPackageReference "ViewInspector" */ = {
			isa = XCRemoteSwiftPackageReference;
			repositoryURL = "https://github.com/nalexn/ViewInspector";
			requirement = {
				kind = upToNextMajorVersion;
				minimumVersion = 0.10.1;
			};
		};
/* End XCRemoteSwiftPackageReference section */

/* Begin XCSwiftPackageProductDependency section */
		B8105F992DC5A6DF007956E8 /* SwiftUIX */ = {
			isa = XCSwiftPackageProductDependency;
			package = B8105F982DC5A6DF007956E8 /* XCRemoteSwiftPackageReference "SwiftUIX" */;
			productName = SwiftUIX;
		};
		B85E18502DABA90900EEBFC0 /* BetterSafariView */ = {
			isa = XCSwiftPackageProductDependency;
			package = B85E184F2DABA90900EEBFC0 /* XCRemoteSwiftPackageReference "BetterSafariView" */;
			productName = BetterSafariView;
		};
		B8E928A72D72EAC400043BF3 /* ViewInspector */ = {
			isa = XCSwiftPackageProductDependency;
			package = B8E928A62D72EAC400043BF3 /* XCRemoteSwiftPackageReference "ViewInspector" */;
			productName = ViewInspector;
		};
/* End XCSwiftPackageProductDependency section */
	};
	rootObject = B854B6E82D4E0658006E0CC3 /* Project object */;
}
